
Microsoft Visual Studio Solution File, Format Version 12.00
# Visual Studio Version 17
VisualStudioVersion = 17.10.35013.160
MinimumVisualStudioVersion = 10.0.40219.1
Project("{9A19103F-16F7-4668-BE54-9A1E7A4F7556}") = "Totvs", "Totvs\Totvs.csproj", "{A595C520-D071-4D3D-B29B-00ACD0D83249}"
EndProject
Project("{FAE04EC0-301F-11D3-BF4B-00C04F79EFBC}") = "Totvs.Tests", "Tests\Totvs.Tests.csproj", "{34ECD531-2256-4904-B31F-0FFCBA38A127}"
EndProject
Global
	GlobalSection(SolutionConfigurationPlatforms) = preSolution
		Debug|Any CPU = Debug|Any CPU
		Release|Any CPU = Release|Any CPU
	EndGlobalSection
	GlobalSection(ProjectConfigurationPlatforms) = postSolution
		{A595C520-D071-4D3D-B29B-00ACD0D83249}.Debug|Any CPU.ActiveCfg = Debug|Any CPU
		{A595C520-D071-4D3D-B29B-00ACD0D83249}.Debug|Any CPU.Build.0 = Debug|Any CPU
		{A595C520-D071-4D3D-B29B-00ACD0D83249}.Release|Any CPU.ActiveCfg = Release|Any CPU
		{A595C520-D071-4D3D-B29B-00ACD0D83249}.Release|Any CPU.Build.0 = Release|Any CPU
		{34ECD531-2256-4904-B31F-0FFCBA38A127}.Debug|Any CPU.ActiveCfg = Debug|Any CPU
		{34ECD531-2256-4904-B31F-0FFCBA38A127}.Debug|Any CPU.Build.0 = Debug|Any CPU
		{34ECD531-2256-4904-B31F-0FFCBA38A127}.Release|Any CPU.ActiveCfg = Release|Any CPU
		{34ECD531-2256-4904-B31F-0FFCBA38A127}.Release|Any CPU.Build.0 = Release|Any CPU
	EndGlobalSection
	GlobalSection(SolutionProperties) = preSolution
		HideSolutionNode = FALSE
	EndGlobalSection
	GlobalSection(ExtensibilityGlobals) = postSolution
		SolutionGuid = {E15B752C-94A9-4F3D-8673-0C4DA8A8C177}
	EndGlobalSection
EndGlobal
